
Microsoft Visual Studio Solution File, Format Version 12.00
# Visual Studio Version 16
VisualStudioVersion = 16.0.30907.101
MinimumVisualStudioVersion = 10.0.40219.1
Project("{FAE04EC0-301F-11D3-BF4B-00C04F79EFBC}") = "ShippingCompany", "ShippingCompany\ShippingCompany.csproj", "{05EBF8B8-B577-4C9D-855B-E6FAB64D99D6}"
EndProject
Global
	GlobalSection(SolutionConfigurationPlatforms) = preSolution
		Debug|Any CPU = Debug|Any CPU
		Release|Any CPU = Release|Any CPU
	EndGlobalSection
	GlobalSection(ProjectConfigurationPlatforms) = postSolution
		{05EBF8B8-B577-4C9D-855B-E6FAB64D99D6}.Debug|Any CPU.ActiveCfg = Debug|Any CPU
		{05EBF8B8-B577-4C9D-855B-E6FAB64D99D6}.Debug|Any CPU.Build.0 = Debug|Any CPU
		{05EBF8B8-B577-4C9D-855B-E6FAB64D99D6}.Release|Any CPU.ActiveCfg = Release|Any CPU
		{05EBF8B8-B577-4C9D-855B-E6FAB64D99D6}.Release|Any CPU.Build.0 = Release|Any CPU
	EndGlobalSection
	GlobalSection(SolutionProperties) = preSolution
		HideSolutionNode = FALSE
	EndGlobalSection
	GlobalSection(ExtensibilityGlobals) = postSolution
		SolutionGuid = {4918FC54-5938-48B7-A7D3-DD3EB5332553}
	EndGlobalSection
EndGlobal
